
Microsoft Visual Studio Solution File, Format Version 12.00
# Visual Studio Version 16
VisualStudioVersion = 16.0.30114.128
MinimumVisualStudioVersion = 10.0.40219.1
Project("{FAE04EC0-301F-11D3-BF4B-00C04F79EFBC}") = "PlumTest.UWP", "PlumTest\PlumTest.UWP\PlumTest.UWP.csproj", "{465B0A5E-8A38-4873-B958-82A30AE9550E}"
EndProject
Project("{FAE04EC0-301F-11D3-BF4B-00C04F79EFBC}") = "PlumTest.Android", "PlumTest\PlumTest.Android\PlumTest.Android.csproj", "{90844B55-4DC1-4249-AA4D-CE1F6033614A}"
EndProject
Project("{FAE04EC0-301F-11D3-BF4B-00C04F79EFBC}") = "PlumTest.iOS", "PlumTest\PlumTest.iOS\PlumTest.iOS.csproj", "{7D5ED41C-E00C-4C05-BA43-FF1941AB8885}"
EndProject
Project("{FAE04EC0-301F-11D3-BF4B-00C04F79EFBC}") = "PlumTest.Web", "PlumTest\PlumTest.Web\PlumTest.Web.csproj", "{117D96B4-94A7-4A93-9A39-4C22A909A20E}"
EndProject
Project("{FAE04EC0-301F-11D3-BF4B-00C04F79EFBC}") = "PlumTest", "PlumTest\PlumTest\PlumTest.csproj", "{BED19B98-E369-4BD1-AAB1-52BD1344AF00}"
EndProject
Global
	GlobalSection(SolutionConfigurationPlatforms) = preSolution
		Debug|Any CPU = Debug|Any CPU
		Debug|ARM = Debug|ARM
		Debug|iPhone = Debug|iPhone
		Debug|iPhoneSimulator = Debug|iPhoneSimulator
		Debug|x64 = Debug|x64
		Debug|x86 = Debug|x86
		Release|Any CPU = Release|Any CPU
		Release|ARM = Release|ARM
		Release|iPhone = Release|iPhone
		Release|iPhoneSimulator = Release|iPhoneSimulator
		Release|x64 = Release|x64
		Release|x86 = Release|x86
	EndGlobalSection
	GlobalSection(ProjectConfigurationPlatforms) = postSolution
		{465B0A5E-8A38-4873-B958-82A30AE9550E}.Debug|Any CPU.ActiveCfg = Debug|x86
		{465B0A5E-8A38-4873-B958-82A30AE9550E}.Debug|Any CPU.Build.0 = Debug|x86
		{465B0A5E-8A38-4873-B958-82A30AE9550E}.Debug|Any CPU.Deploy.0 = Debug|x86
		{465B0A5E-8A38-4873-B958-82A30AE9550E}.Debug|ARM.ActiveCfg = Debug|ARM
		{465B0A5E-8A38-4873-B958-82A30AE9550E}.Debug|ARM.Build.0 = Debug|ARM
		{465B0A5E-8A38-4873-B958-82A30AE9550E}.Debug|ARM.Deploy.0 = Debug|ARM
		{465B0A5E-8A38-4873-B958-82A30AE9550E}.Debug|iPhone.ActiveCfg = Debug|x86
		{465B0A5E-8A38-4873-B958-82A30AE9550E}.Debug|iPhone.Build.0 = Debug|x86
		{465B0A5E-8A38-4873-B958-82A30AE9550E}.Debug|iPhone.Deploy.0 = Debug|x86
		{465B0A5E-8A38-4873-B958-82A30AE9550E}.Debug|iPhoneSimulator.ActiveCfg = Debug|x86
		{465B0A5E-8A38-4873-B958-82A30AE9550E}.Debug|iPhoneSimulator.Build.0 = Debug|x86
		{465B0A5E-8A38-4873-B958-82A30AE9550E}.Debug|iPhoneSimulator.Deploy.0 = Debug|x86
		{465B0A5E-8A38-4873-B958-82A30AE9550E}.Debug|x64.ActiveCfg = Debug|x64
		{465B0A5E-8A38-4873-B958-82A30AE9550E}.Debug|x64.Build.0 = Debug|x64
		{465B0A5E-8A38-4873-B958-82A30AE9550E}.Debug|x64.Deploy.0 = Debug|x64
		{465B0A5E-8A38-4873-B958-82A30AE9550E}.Debug|x86.ActiveCfg = Debug|x86
		{465B0A5E-8A38-4873-B958-82A30AE9550E}.Debug|x86.Build.0 = Debug|x86
		{465B0A5E-8A38-4873-B958-82A30AE9550E}.Debug|x86.Deploy.0 = Debug|x86
		{465B0A5E-8A38-4873-B958-82A30AE9550E}.Release|Any CPU.ActiveCfg = Release|x86
		{465B0A5E-8A38-4873-B958-82A30AE9550E}.Release|Any CPU.Build.0 = Release|x86
		{465B0A5E-8A38-4873-B958-82A30AE9550E}.Release|Any CPU.Deploy.0 = Release|x86
		{465B0A5E-8A38-4873-B958-82A30AE9550E}.Release|ARM.ActiveCfg = Release|ARM
		{465B0A5E-8A38-4873-B958-82A30AE9550E}.Release|ARM.Build.0 = Release|ARM
		{465B0A5E-8A38-4873-B958-82A30AE9550E}.Release|ARM.Deploy.0 = Release|ARM
		{465B0A5E-8A38-4873-B958-82A30AE9550E}.Release|iPhone.ActiveCfg = Release|x86
		{465B0A5E-8A38-4873-B958-82A30AE9550E}.Release|iPhone.Build.0 = Release|x86
		{465B0A5E-8A38-4873-B958-82A30AE9550E}.Release|iPhone.Deploy.0 = Release|x86
		{465B0A5E-8A38-4873-B958-82A30AE9550E}.Release|iPhoneSimulator.ActiveCfg = Release|x86
		{465B0A5E-8A38-4873-B958-82A30AE9550E}.Release|iPhoneSimulator.Build.0 = Release|x86
		{465B0A5E-8A38-4873-B958-82A30AE9550E}.Release|iPhoneSimulator.Deploy.0 = Release|x86
		{465B0A5E-8A38-4873-B958-82A30AE9550E}.Release|x64.ActiveCfg = Release|x64
		{465B0A5E-8A38-4873-B958-82A30AE9550E}.Release|x64.Build.0 = Release|x64
		{465B0A5E-8A38-4873-B958-82A30AE9550E}.Release|x64.Deploy.0 = Release|x64
		{465B0A5E-8A38-4873-B958-82A30AE9550E}.Release|x86.ActiveCfg = Release|x86
		{465B0A5E-8A38-4873-B958-82A30AE9550E}.Release|x86.Build.0 = Release|x86
		{465B0A5E-8A38-4873-B958-82A30AE9550E}.Release|x86.Deploy.0 = Release|x86
		{90844B55-4DC1-4249-AA4D-CE1F6033614A}.Debug|Any CPU.ActiveCfg = Debug|Any CPU
		{90844B55-4DC1-4249-AA4D-CE1F6033614A}.Debug|Any CPU.Build.0 = Debug|Any CPU
		{90844B55-4DC1-4249-AA4D-CE1F6033614A}.Debug|Any CPU.Deploy.0 = Debug|Any CPU
		{90844B55-4DC1-4249-AA4D-CE1F6033614A}.Debug|ARM.ActiveCfg = Debug|Any CPU
		{90844B55-4DC1-4249-AA4D-CE1F6033614A}.Debug|ARM.Build.0 = Debug|Any CPU
		{90844B55-4DC1-4249-AA4D-CE1F6033614A}.Debug|ARM.Deploy.0 = Debug|Any CPU
		{90844B55-4DC1-4249-AA4D-CE1F6033614A}.Debug|iPhone.ActiveCfg = Debug|Any CPU
		{90844B55-4DC1-4249-AA4D-CE1F6033614A}.Debug|iPhone.Build.0 = Debug|Any CPU
		{90844B55-4DC1-4249-AA4D-CE1F6033614A}.Debug|iPhone.Deploy.0 = Debug|Any CPU
		{90844B55-4DC1-4249-AA4D-CE1F6033614A}.Debug|iPhoneSimulator.ActiveCfg = Debug|Any CPU
		{90844B55-4DC1-4249-AA4D-CE1F6033614A}.Debug|iPhoneSimulator.Build.0 = Debug|Any CPU
		{90844B55-4DC1-4249-AA4D-CE1F6033614A}.Debug|iPhoneSimulator.Deploy.0 = Debug|Any CPU
		{90844B55-4DC1-4249-AA4D-CE1F6033614A}.Debug|x64.ActiveCfg = Debug|Any CPU
		{90844B55-4DC1-4249-AA4D-CE1F6033614A}.Debug|x64.Build.0 = Debug|Any CPU
		{90844B55-4DC1-4249-AA4D-CE1F6033614A}.Debug|x64.Deploy.0 = Debug|Any CPU
		{90844B55-4DC1-4249-AA4D-CE1F6033614A}.Debug|x86.ActiveCfg = Debug|Any CPU
		{90844B55-4DC1-4249-AA4D-CE1F6033614A}.Debug|x86.Build.0 = Debug|Any CPU
		{90844B55-4DC1-4249-AA4D-CE1F6033614A}.Debug|x86.Deploy.0 = Debug|Any CPU
		{90844B55-4DC1-4249-AA4D-CE1F6033614A}.Release|Any CPU.ActiveCfg = Release|Any CPU
		{90844B55-4DC1-4249-AA4D-CE1F6033614A}.Release|Any CPU.Build.0 = Release|Any CPU
		{90844B55-4DC1-4249-AA4D-CE1F6033614A}.Release|Any CPU.Deploy.0 = Release|Any CPU
		{90844B55-4DC1-4249-AA4D-CE1F6033614A}.Release|ARM.ActiveCfg = Release|Any CPU
		{90844B55-4DC1-4249-AA4D-CE1F6033614A}.Release|ARM.Build.0 = Release|Any CPU
		{90844B55-4DC1-4249-AA4D-CE1F6033614A}.Release|ARM.Deploy.0 = Release|Any CPU
		{90844B55-4DC1-4249-AA4D-CE1F6033614A}.Release|iPhone.ActiveCfg = Release|Any CPU
		{90844B55-4DC1-4249-AA4D-CE1F6033614A}.Release|iPhone.Build.0 = Release|Any CPU
		{90844B55-4DC1-4249-AA4D-CE1F6033614A}.Release|iPhone.Deploy.0 = Release|Any CPU
		{90844B55-4DC1-4249-AA4D-CE1F6033614A}.Release|iPhoneSimulator.ActiveCfg = Release|Any CPU
		{90844B55-4DC1-4249-AA4D-CE1F6033614A}.Release|iPhoneSimulator.Build.0 = Release|Any CPU
		{90844B55-4DC1-4249-AA4D-CE1F6033614A}.Release|iPhoneSimulator.Deploy.0 = Release|Any CPU
		{90844B55-4DC1-4249-AA4D-CE1F6033614A}.Release|x64.ActiveCfg = Release|Any CPU
		{90844B55-4DC1-4249-AA4D-CE1F6033614A}.Release|x64.Build.0 = Release|Any CPU
		{90844B55-4DC1-4249-AA4D-CE1F6033614A}.Release|x64.Deploy.0 = Release|Any CPU
		{90844B55-4DC1-4249-AA4D-CE1F6033614A}.Release|x86.ActiveCfg = Release|Any CPU
		{90844B55-4DC1-4249-AA4D-CE1F6033614A}.Release|x86.Build.0 = Release|Any CPU
		{90844B55-4DC1-4249-AA4D-CE1F6033614A}.Release|x86.Deploy.0 = Release|Any CPU
		{7D5ED41C-E00C-4C05-BA43-FF1941AB8885}.Debug|Any CPU.ActiveCfg = Debug|iPhone
		{7D5ED41C-E00C-4C05-BA43-FF1941AB8885}.Debug|Any CPU.Build.0 = Debug|iPhone
		{7D5ED41C-E00C-4C05-BA43-FF1941AB8885}.Debug|Any CPU.Deploy.0 = Debug|iPhone
		{7D5ED41C-E00C-4C05-BA43-FF1941AB8885}.Debug|ARM.ActiveCfg = Debug|iPhone
		{7D5ED41C-E00C-4C05-BA43-FF1941AB8885}.Debug|ARM.Build.0 = Debug|iPhone
		{7D5ED41C-E00C-4C05-BA43-FF1941AB8885}.Debug|ARM.Deploy.0 = Debug|iPhone
		{7D5ED41C-E00C-4C05-BA43-FF1941AB8885}.Debug|iPhone.ActiveCfg = Debug|iPhone
		{7D5ED41C-E00C-4C05-BA43-FF1941AB8885}.Debug|iPhone.Build.0 = Debug|iPhone
		{7D5ED41C-E00C-4C05-BA43-FF1941AB8885}.Debug|iPhone.Deploy.0 = Debug|iPhone
		{7D5ED41C-E00C-4C05-BA43-FF1941AB8885}.Debug|iPhoneSimulator.ActiveCfg = Debug|iPhoneSimulator
		{7D5ED41C-E00C-4C05-BA43-FF1941AB8885}.Debug|iPhoneSimulator.Build.0 = Debug|iPhoneSimulator
		{7D5ED41C-E00C-4C05-BA43-FF1941AB8885}.Debug|iPhoneSimulator.Deploy.0 = Debug|iPhoneSimulator
		{7D5ED41C-E00C-4C05-BA43-FF1941AB8885}.Debug|x64.ActiveCfg = Debug|iPhone
		{7D5ED41C-E00C-4C05-BA43-FF1941AB8885}.Debug|x64.Build.0 = Debug|iPhone
		{7D5ED41C-E00C-4C05-BA43-FF1941AB8885}.Debug|x64.Deploy.0 = Debug|iPhone
		{7D5ED41C-E00C-4C05-BA43-FF1941AB8885}.Debug|x86.ActiveCfg = Debug|iPhone
		{7D5ED41C-E00C-4C05-BA43-FF1941AB8885}.Debug|x86.Build.0 = Debug|iPhone
		{7D5ED41C-E00C-4C05-BA43-FF1941AB8885}.Debug|x86.Deploy.0 = Debug|iPhone
		{7D5ED41C-E00C-4C05-BA43-FF1941AB8885}.Release|Any CPU.ActiveCfg = Release|iPhone
		{7D5ED41C-E00C-4C05-BA43-FF1941AB8885}.Release|Any CPU.Build.0 = Release|iPhone
		{7D5ED41C-E00C-4C05-BA43-FF1941AB8885}.Release|Any CPU.Deploy.0 = Release|iPhone
		{7D5ED41C-E00C-4C05-BA43-FF1941AB8885}.Release|ARM.ActiveCfg = Release|iPhone
		{7D5ED41C-E00C-4C05-BA43-FF1941AB8885}.Release|ARM.Build.0 = Release|iPhone
		{7D5ED41C-E00C-4C05-BA43-FF1941AB8885}.Release|ARM.Deploy.0 = Release|iPhone
		{7D5ED41C-E00C-4C05-BA43-FF1941AB8885}.Release|iPhone.ActiveCfg = Release|iPhone
		{7D5ED41C-E00C-4C05-BA43-FF1941AB8885}.Release|iPhone.Build.0 = Release|iPhone
		{7D5ED41C-E00C-4C05-BA43-FF1941AB8885}.Release|iPhone.Deploy.0 = Release|iPhone
		{7D5ED41C-E00C-4C05-BA43-FF1941AB8885}.Release|iPhoneSimulator.ActiveCfg = Release|iPhoneSimulator
		{7D5ED41C-E00C-4C05-BA43-FF1941AB8885}.Release|iPhoneSimulator.Build.0 = Release|iPhoneSimulator
		{7D5ED41C-E00C-4C05-BA43-FF1941AB8885}.Release|iPhoneSimulator.Deploy.0 = Release|iPhoneSimulator
		{7D5ED41C-E00C-4C05-BA43-FF1941AB8885}.Release|x64.ActiveCfg = Release|iPhone
		{7D5ED41C-E00C-4C05-BA43-FF1941AB8885}.Release|x64.Build.0 = Release|iPhone
		{7D5ED41C-E00C-4C05-BA43-FF1941AB8885}.Release|x64.Deploy.0 = Release|iPhone
		{7D5ED41C-E00C-4C05-BA43-FF1941AB8885}.Release|x86.ActiveCfg = Release|iPhone
		{7D5ED41C-E00C-4C05-BA43-FF1941AB8885}.Release|x86.Build.0 = Release|iPhone
		{7D5ED41C-E00C-4C05-BA43-FF1941AB8885}.Release|x86.Deploy.0 = Release|iPhone
		{117D96B4-94A7-4A93-9A39-4C22A909A20E}.Debug|Any CPU.ActiveCfg = Debug|Any CPU
		{117D96B4-94A7-4A93-9A39-4C22A909A20E}.Debug|Any CPU.Build.0 = Debug|Any CPU
		{117D96B4-94A7-4A93-9A39-4C22A909A20E}.Debug|Any CPU.Deploy.0 = Debug|Any CPU
		{117D96B4-94A7-4A93-9A39-4C22A909A20E}.Debug|ARM.ActiveCfg = Debug|Any CPU
		{117D96B4-94A7-4A93-9A39-4C22A909A20E}.Debug|ARM.Build.0 = Debug|Any CPU
		{117D96B4-94A7-4A93-9A39-4C22A909A20E}.Debug|ARM.Deploy.0 = Debug|Any CPU
		{117D96B4-94A7-4A93-9A39-4C22A909A20E}.Debug|iPhone.ActiveCfg = Debug|Any CPU
		{117D96B4-94A7-4A93-9A39-4C22A909A20E}.Debug|iPhone.Build.0 = Debug|Any CPU
		{117D96B4-94A7-4A93-9A39-4C22A909A20E}.Debug|iPhone.Deploy.0 = Debug|Any CPU
		{117D96B4-94A7-4A93-9A39-4C22A909A20E}.Debug|iPhoneSimulator.ActiveCfg = Debug|Any CPU
		{117D96B4-94A7-4A93-9A39-4C22A909A20E}.Debug|iPhoneSimulator.Build.0 = Debug|Any CPU
		{117D96B4-94A7-4A93-9A39-4C22A909A20E}.Debug|iPhoneSimulator.Deploy.0 = Debug|Any CPU
		{117D96B4-94A7-4A93-9A39-4C22A909A20E}.Debug|x64.ActiveCfg = Debug|Any CPU
		{117D96B4-94A7-4A93-9A39-4C22A909A20E}.Debug|x64.Build.0 = Debug|Any CPU
		{117D96B4-94A7-4A93-9A39-4C22A909A20E}.Debug|x64.Deploy.0 = Debug|Any CPU
		{117D96B4-94A7-4A93-9A39-4C22A909A20E}.Debug|x86.ActiveCfg = Debug|Any CPU
		{117D96B4-94A7-4A93-9A39-4C22A909A20E}.Debug|x86.Build.0 = Debug|Any CPU
		{117D96B4-94A7-4A93-9A39-4C22A909A20E}.Debug|x86.Deploy.0 = Debug|Any CPU
		{117D96B4-94A7-4A93-9A39-4C22A909A20E}.Release|Any CPU.ActiveCfg = Release|Any CPU
		{117D96B4-94A7-4A93-9A39-4C22A909A20E}.Release|Any CPU.Build.0 = Release|Any CPU
		{117D96B4-94A7-4A93-9A39-4C22A909A20E}.Release|Any CPU.Deploy.0 = Release|Any CPU
		{117D96B4-94A7-4A93-9A39-4C22A909A20E}.Release|ARM.ActiveCfg = Release|Any CPU
		{117D96B4-94A7-4A93-9A39-4C22A909A20E}.Release|ARM.Build.0 = Release|Any CPU
		{117D96B4-94A7-4A93-9A39-4C22A909A20E}.Release|ARM.Deploy.0 = Release|Any CPU
		{117D96B4-94A7-4A93-9A39-4C22A909A20E}.Release|iPhone.ActiveCfg = Release|Any CPU
		{117D96B4-94A7-4A93-9A39-4C22A909A20E}.Release|iPhone.Build.0 = Release|Any CPU
		{117D96B4-94A7-4A93-9A39-4C22A909A20E}.Release|iPhone.Deploy.0 = Release|Any CPU
		{117D96B4-94A7-4A93-9A39-4C22A909A20E}.Release|iPhoneSimulator.ActiveCfg = Release|Any CPU
		{117D96B4-94A7-4A93-9A39-4C22A909A20E}.Release|iPhoneSimulator.Build.0 = Release|Any CPU
		{117D96B4-94A7-4A93-9A39-4C22A909A20E}.Release|iPhoneSimulator.Deploy.0 = Release|Any CPU
		{117D96B4-94A7-4A93-9A39-4C22A909A20E}.Release|x64.ActiveCfg = Release|Any CPU
		{117D96B4-94A7-4A93-9A39-4C22A909A20E}.Release|x64.Build.0 = Release|Any CPU
		{117D96B4-94A7-4A93-9A39-4C22A909A20E}.Release|x64.Deploy.0 = Release|Any CPU
		{117D96B4-94A7-4A93-9A39-4C22A909A20E}.Release|x86.ActiveCfg = Release|Any CPU
		{117D96B4-94A7-4A93-9A39-4C22A909A20E}.Release|x86.Build.0 = Release|Any CPU
		{117D96B4-94A7-4A93-9A39-4C22A909A20E}.Release|x86.Deploy.0 = Release|Any CPU
		{BED19B98-E369-4BD1-AAB1-52BD1344AF00}.Debug|Any CPU.ActiveCfg = Debug|Any CPU
		{BED19B98-E369-4BD1-AAB1-52BD1344AF00}.Debug|Any CPU.Build.0 = Debug|Any CPU
		{BED19B98-E369-4BD1-AAB1-52BD1344AF00}.Debug|Any CPU.Deploy.0 = Debug|Any CPU
		{BED19B98-E369-4BD1-AAB1-52BD1344AF00}.Debug|ARM.ActiveCfg = Debug|Any CPU
		{BED19B98-E369-4BD1-AAB1-52BD1344AF00}.Debug|ARM.Build.0 = Debug|Any CPU
		{BED19B98-E369-4BD1-AAB1-52BD1344AF00}.Debug|ARM.Deploy.0 = Debug|Any CPU
		{BED19B98-E369-4BD1-AAB1-52BD1344AF00}.Debug|iPhone.ActiveCfg = Debug|Any CPU
		{BED19B98-E369-4BD1-AAB1-52BD1344AF00}.Debug|iPhone.Build.0 = Debug|Any CPU
		{BED19B98-E369-4BD1-AAB1-52BD1344AF00}.Debug|iPhone.Deploy.0 = Debug|Any CPU
		{BED19B98-E369-4BD1-AAB1-52BD1344AF00}.Debug|iPhoneSimulator.ActiveCfg = Debug|Any CPU
		{BED19B98-E369-4BD1-AAB1-52BD1344AF00}.Debug|iPhoneSimulator.Build.0 = Debug|Any CPU
		{BED19B98-E369-4BD1-AAB1-52BD1344AF00}.Debug|iPhoneSimulator.Deploy.0 = Debug|Any CPU
		{BED19B98-E369-4BD1-AAB1-52BD1344AF00}.Debug|x64.ActiveCfg = Debug|Any CPU
		{BED19B98-E369-4BD1-AAB1-52BD1344AF00}.Debug|x64.Build.0 = Debug|Any CPU
		{BED19B98-E369-4BD1-AAB1-52BD1344AF00}.Debug|x64.Deploy.0 = Debug|Any CPU
		{BED19B98-E369-4BD1-AAB1-52BD1344AF00}.Debug|x86.ActiveCfg = Debug|Any CPU
		{BED19B98-E369-4BD1-AAB1-52BD1344AF00}.Debug|x86.Build.0 = Debug|Any CPU
		{BED19B98-E369-4BD1-AAB1-52BD1344AF00}.Debug|x86.Deploy.0 = Debug|Any CPU
		{BED19B98-E369-4BD1-AAB1-52BD1344AF00}.Release|Any CPU.ActiveCfg = Release|Any CPU
		{BED19B98-E369-4BD1-AAB1-52BD1344AF00}.Release|Any CPU.Build.0 = Release|Any CPU
		{BED19B98-E369-4BD1-AAB1-52BD1344AF00}.Release|Any CPU.Deploy.0 = Release|Any CPU
		{BED19B98-E369-4BD1-AAB1-52BD1344AF00}.Release|ARM.ActiveCfg = Release|Any CPU
		{BED19B98-E369-4BD1-AAB1-52BD1344AF00}.Release|ARM.Build.0 = Release|Any CPU
		{BED19B98-E369-4BD1-AAB1-52BD1344AF00}.Release|ARM.Deploy.0 = Release|Any CPU
		{BED19B98-E369-4BD1-AAB1-52BD1344AF00}.Release|iPhone.ActiveCfg = Release|Any CPU
		{BED19B98-E369-4BD1-AAB1-52BD1344AF00}.Release|iPhone.Build.0 = Release|Any CPU
		{BED19B98-E369-4BD1-AAB1-52BD1344AF00}.Release|iPhone.Deploy.0 = Release|Any CPU
		{BED19B98-E369-4BD1-AAB1-52BD1344AF00}.Release|iPhoneSimulator.ActiveCfg = Release|Any CPU
		{BED19B98-E369-4BD1-AAB1-52BD1344AF00}.Release|iPhoneSimulator.Build.0 = Release|Any CPU
		{BED19B98-E369-4BD1-AAB1-52BD1344AF00}.Release|iPhoneSimulator.Deploy.0 = Release|Any CPU
		{BED19B98-E369-4BD1-AAB1-52BD1344AF00}.Release|x64.ActiveCfg = Release|Any CPU
		{BED19B98-E369-4BD1-AAB1-52BD1344AF00}.Release|x64.Build.0 = Release|Any CPU
		{BED19B98-E369-4BD1-AAB1-52BD1344AF00}.Release|x64.Deploy.0 = Release|Any CPU
		{BED19B98-E369-4BD1-AAB1-52BD1344AF00}.Release|x86.ActiveCfg = Release|Any CPU
		{BED19B98-E369-4BD1-AAB1-52BD1344AF00}.Release|x86.Build.0 = Release|Any CPU
		{BED19B98-E369-4BD1-AAB1-52BD1344AF00}.Release|x86.Deploy.0 = Release|Any CPU
	EndGlobalSection
	GlobalSection(SolutionProperties) = preSolution
		HideSolutionNode = FALSE
	EndGlobalSection
	GlobalSection(ExtensibilityGlobals) = postSolution
		SolutionGuid = {21DB6F52-D0B7-42AF-B3DF-503AFB052864}
	EndGlobalSection
EndGlobal
